
Microsoft Visual Studio Solution File, Format Version 12.00
# Visual Studio Version 17
VisualStudioVersion = 17.5.33516.290
MinimumVisualStudioVersion = 10.0.40219.1
Project("{FAE04EC0-301F-11D3-BF4B-00C04F79EFBC}") = "LoginApp.API", "LoginApp.API\LoginApp.API.csproj", "{731F838B-6DF7-4D4D-BB25-60365D73712D}"
EndProject
Global
	GlobalSection(SolutionConfigurationPlatforms) = preSolution
		Debug|Any CPU = Debug|Any CPU
		Release|Any CPU = Release|Any CPU
	EndGlobalSection
	GlobalSection(ProjectConfigurationPlatforms) = postSolution
		{731F838B-6DF7-4D4D-BB25-60365D73712D}.Debug|Any CPU.ActiveCfg = Debug|Any CPU
		{731F838B-6DF7-4D4D-BB25-60365D73712D}.Debug|Any CPU.Build.0 = Debug|Any CPU
		{731F838B-6DF7-4D4D-BB25-60365D73712D}.Release|Any CPU.ActiveCfg = Release|Any CPU
		{731F838B-6DF7-4D4D-BB25-60365D73712D}.Release|Any CPU.Build.0 = Release|Any CPU
	EndGlobalSection
	GlobalSection(SolutionProperties) = preSolution
		HideSolutionNode = FALSE
	EndGlobalSection
	GlobalSection(ExtensibilityGlobals) = postSolution
		SolutionGuid = {A5C3B06F-B943-4428-8AD7-063BA103A7B0}
	EndGlobalSection
EndGlobal
